
Microsoft Visual Studio Solution File, Format Version 12.00
# Visual Studio Version 17
VisualStudioVersion = 17.8.34330.188
MinimumVisualStudioVersion = 10.0.40219.1
Project("{9A19103F-16F7-4668-BE54-9A1E7A4F7556}") = "OpenERP", "OpenERP\OpenERP.csproj", "{8E1E7370-30A1-4618-A80B-236D8480C041}"
EndProject
Project("{9A19103F-16F7-4668-BE54-9A1E7A4F7556}") = "OpenERP.Hosting", "OpenERP.Hosting\OpenERP.Hosting.csproj", "{0346BA6C-E679-4437-A1A9-8C4D61FCA0A0}"
EndProject
Project("{9A19103F-16F7-4668-BE54-9A1E7A4F7556}") = "OpenERP.Hosting.NetFx", "OpenERP.Hosting.NetFx\OpenERP.Hosting.NetFx.csproj", "{20817C10-EE5F-4AC5-BD6E-6B7267CA9305}"
EndProject
Global
	GlobalSection(SolutionConfigurationPlatforms) = preSolution
		Debug|Any CPU = Debug|Any CPU
		Release|Any CPU = Release|Any CPU
	EndGlobalSection
	GlobalSection(ProjectConfigurationPlatforms) = postSolution
		{8E1E7370-30A1-4618-A80B-236D8480C041}.Debug|Any CPU.ActiveCfg = Debug|Any CPU
		{8E1E7370-30A1-4618-A80B-236D8480C041}.Debug|Any CPU.Build.0 = Debug|Any CPU
		{8E1E7370-30A1-4618-A80B-236D8480C041}.Release|Any CPU.ActiveCfg = Release|Any CPU
		{8E1E7370-30A1-4618-A80B-236D8480C041}.Release|Any CPU.Build.0 = Release|Any CPU
		{0346BA6C-E679-4437-A1A9-8C4D61FCA0A0}.Debug|Any CPU.ActiveCfg = Debug|Any CPU
		{0346BA6C-E679-4437-A1A9-8C4D61FCA0A0}.Debug|Any CPU.Build.0 = Debug|Any CPU
		{0346BA6C-E679-4437-A1A9-8C4D61FCA0A0}.Release|Any CPU.ActiveCfg = Release|Any CPU
		{0346BA6C-E679-4437-A1A9-8C4D61FCA0A0}.Release|Any CPU.Build.0 = Release|Any CPU
		{20817C10-EE5F-4AC5-BD6E-6B7267CA9305}.Debug|Any CPU.ActiveCfg = Debug|Any CPU
		{20817C10-EE5F-4AC5-BD6E-6B7267CA9305}.Debug|Any CPU.Build.0 = Debug|Any CPU
		{20817C10-EE5F-4AC5-BD6E-6B7267CA9305}.Release|Any CPU.ActiveCfg = Release|Any CPU
		{20817C10-EE5F-4AC5-BD6E-6B7267CA9305}.Release|Any CPU.Build.0 = Release|Any CPU
	EndGlobalSection
	GlobalSection(SolutionProperties) = preSolution
		HideSolutionNode = FALSE
	EndGlobalSection
	GlobalSection(ExtensibilityGlobals) = postSolution
		SolutionGuid = {6D156F9B-B78C-4564-BA8E-C4F0AC22E3C3}
	EndGlobalSection
EndGlobal
