
Microsoft Visual Studio Solution File, Format Version 12.00
# Visual Studio Version 17
VisualStudioVersion = 17.8.34330.188
MinimumVisualStudioVersion = 10.0.40219.1
Project("{9A19103F-16F7-4668-BE54-9A1E7A4F7556}") = "OpenERP.SampleERP", "OpenERP.SampleERP\OpenERP.SampleERP\OpenERP.SampleERP.csproj", "{5EA5CEE6-4BFD-4C1C-9584-6E3B956A7C80}"
EndProject
Project("{2150E333-8FDC-42A3-9474-1A3956D46DE8}") = "OpenERP.SampleERP", "OpenERP.SampleERP", "{99FC0813-DA2E-4454-B4A8-01E55D3A36D5}"
EndProject
Project("{9A19103F-16F7-4668-BE54-9A1E7A4F7556}") = "OpenERP.SampleERP.Service", "OpenERP.SampleERP\OpenERP.SampleERP.Service\OpenERP.SampleERP.Service.csproj", "{3212A1CE-CD1D-46B9-9D95-08D8E775D0D4}"
EndProject
Project("{9A19103F-16F7-4668-BE54-9A1E7A4F7556}") = "OpenERP.SampleERP.Repository", "OpenERP.SampleERP\OpenERP.SampleERP.Repository\OpenERP.SampleERP.Repository.csproj", "{6FE4400F-AFD0-4BA8-B2CF-7A99787F1464}"
EndProject
Project("{9A19103F-16F7-4668-BE54-9A1E7A4F7556}") = "OpenERP.SampleERP.Api", "OpenERP.SampleERP\OpenERP.SampleERP.Api\OpenERP.SampleERP.Api.csproj", "{81B2B028-5891-4F44-B30B-82429987EF87}"
EndProject
Project("{2150E333-8FDC-42A3-9474-1A3956D46DE8}") = "OpenERP.Rahkaran", "OpenERP.Rahkaran", "{7891EF62-52F0-47B5-B2C8-9FA02D8D5387}"
EndProject
Project("{9A19103F-16F7-4668-BE54-9A1E7A4F7556}") = "OpenERP.Rahkaran", "OpenERP.Rahkaran\OpenERP.Rahkaran\OpenERP.Rahkaran.csproj", "{12C4C9AC-6003-438C-9C79-77432FCCCD62}"
EndProject
Project("{9A19103F-16F7-4668-BE54-9A1E7A4F7556}") = "OpenERP.Rahkaran.Repository.Db", "OpenERP.Rahkaran\OpenERP.Rahkaran.Repository.Db\OpenERP.Rahkaran.Repository.Db.csproj", "{E761C3EB-8EDD-4F01-8EDC-03ECA1F66CBE}"
EndProject
Project("{9A19103F-16F7-4668-BE54-9A1E7A4F7556}") = "OpenERP.Rahkaran.Repository.Api", "OpenERP.Rahkaran\OpenERP.Rahkaran.Repository.Api\OpenERP.Rahkaran.Repository.Api.csproj", "{5C541B64-0ACB-417C-908C-9ACE47B803FC}"
EndProject
Project("{9A19103F-16F7-4668-BE54-9A1E7A4F7556}") = "OpenERP.Rahkaran.Service", "OpenERP.Rahkaran\OpenERP.Rahkaran.Service\OpenERP.Rahkaran.Service.csproj", "{EEE8A907-6F6D-47AE-A7B8-7DF5E01BF406}"
EndProject
Project("{9A19103F-16F7-4668-BE54-9A1E7A4F7556}") = "OpenERP.Rahkaran.Api", "OpenERP.Rahkaran\OpenERP.Rahkaran.Api\OpenERP.Rahkaran.Api.csproj", "{447FD882-D13C-4DF6-A022-EC09B9CA09AB}"
EndProject
Project("{2150E333-8FDC-42A3-9474-1A3956D46DE8}") = "OpenERP.Faranegar", "OpenERP.Faranegar", "{AB815E48-5BEA-4B68-9EAD-75143C4E64D6}"
EndProject
Project("{9A19103F-16F7-4668-BE54-9A1E7A4F7556}") = "OpenERP.Faranegar", "OpenERP.Faranegar\OpenERP.Faranegar\OpenERP.Faranegar.csproj", "{32EAA6DE-DA83-4673-A928-6EFA12BDD529}"
EndProject
Project("{9A19103F-16F7-4668-BE54-9A1E7A4F7556}") = "OpenERP.Faranegar.Repository", "OpenERP.Faranegar\OpenERP.Faranegar.Repository\OpenERP.Faranegar.Repository.csproj", "{D2A5F3A9-D89E-44A5-B474-1048AB2854A0}"
EndProject
Project("{9A19103F-16F7-4668-BE54-9A1E7A4F7556}") = "OpenERP.Faranegar.Service", "OpenERP.Faranegar\OpenERP.Faranegar.Service\OpenERP.Faranegar.Service.csproj", "{E99D25AC-750B-4283-ABB7-D21694EAD299}"
EndProject
Project("{9A19103F-16F7-4668-BE54-9A1E7A4F7556}") = "OpenERP.Faranegar.Api", "OpenERP.Faranegar\OpenERP.Faranegar.Api\OpenERP.Faranegar.Api.csproj", "{FCC35238-5FB5-4525-928D-8521277C3580}"
EndProject
Project("{2150E333-8FDC-42A3-9474-1A3956D46DE8}") = "OpenERP.Sepidar", "OpenERP.Sepidar", "{8EAEF9FA-F486-4889-91CD-7AB95477C34C}"
EndProject
Project("{2150E333-8FDC-42A3-9474-1A3956D46DE8}") = "OpenERP.Tadbir", "OpenERP.Tadbir", "{A494D076-2271-42D0-B5EB-6A60C19D892A}"
EndProject
Project("{2150E333-8FDC-42A3-9474-1A3956D46DE8}") = "OpenERP.Payvast", "OpenERP.Payvast", "{FAEBA3C8-C4D7-4F7F-870D-7B4508799453}"
EndProject
Project("{9A19103F-16F7-4668-BE54-9A1E7A4F7556}") = "OpenERP.Sepidar.Api", "OpenERP.Sepidar\OpenERP.Sepidar.Api\OpenERP.Sepidar.Api.csproj", "{299D5CA1-328B-4F79-975B-EF94D09652FC}"
EndProject
Project("{9A19103F-16F7-4668-BE54-9A1E7A4F7556}") = "OpenERP.Payvast.Api", "OpenERP.Payvast\OpenERP.Payvast.Api\OpenERP.Payvast.Api.csproj", "{0C7A2CA4-A36A-465A-A7E0-450A6B6E2343}"
EndProject
Project("{9A19103F-16F7-4668-BE54-9A1E7A4F7556}") = "OpenERP.Tadbir.Api", "OpenERP.Tadbir\OpenERP.Tadbir.Api\OpenERP.Tadbir.Api.csproj", "{77F3A928-2F6F-4310-9285-82DDD25A836C}"
EndProject
Project("{2150E333-8FDC-42A3-9474-1A3956D46DE8}") = "OpenERP.Hamkaran", "OpenERP.Hamkaran", "{920A2239-CD15-4BEA-8ACC-7D95B0C00BC0}"
EndProject
Project("{9A19103F-16F7-4668-BE54-9A1E7A4F7556}") = "OpenERP.Hamkaran.Api", "OpenERP.Hamkaran\OpenERP.Hamkaran.Api\OpenERP.Hamkaran.Api.csproj", "{3B1E5ED8-C276-4805-A523-8E75B5CA4277}"
EndProject
Global
	GlobalSection(SolutionConfigurationPlatforms) = preSolution
		Debug|Any CPU = Debug|Any CPU
		Publish|Any CPU = Publish|Any CPU
		Release|Any CPU = Release|Any CPU
	EndGlobalSection
	GlobalSection(ProjectConfigurationPlatforms) = postSolution
		{5EA5CEE6-4BFD-4C1C-9584-6E3B956A7C80}.Debug|Any CPU.ActiveCfg = Debug|Any CPU
		{5EA5CEE6-4BFD-4C1C-9584-6E3B956A7C80}.Debug|Any CPU.Build.0 = Debug|Any CPU
		{5EA5CEE6-4BFD-4C1C-9584-6E3B956A7C80}.Publish|Any CPU.ActiveCfg = Release|Any CPU
		{5EA5CEE6-4BFD-4C1C-9584-6E3B956A7C80}.Publish|Any CPU.Build.0 = Release|Any CPU
		{5EA5CEE6-4BFD-4C1C-9584-6E3B956A7C80}.Release|Any CPU.ActiveCfg = Release|Any CPU
		{5EA5CEE6-4BFD-4C1C-9584-6E3B956A7C80}.Release|Any CPU.Build.0 = Release|Any CPU
		{3212A1CE-CD1D-46B9-9D95-08D8E775D0D4}.Debug|Any CPU.ActiveCfg = Debug|Any CPU
		{3212A1CE-CD1D-46B9-9D95-08D8E775D0D4}.Debug|Any CPU.Build.0 = Debug|Any CPU
		{3212A1CE-CD1D-46B9-9D95-08D8E775D0D4}.Publish|Any CPU.ActiveCfg = Release|Any CPU
		{3212A1CE-CD1D-46B9-9D95-08D8E775D0D4}.Publish|Any CPU.Build.0 = Release|Any CPU
		{3212A1CE-CD1D-46B9-9D95-08D8E775D0D4}.Release|Any CPU.ActiveCfg = Release|Any CPU
		{3212A1CE-CD1D-46B9-9D95-08D8E775D0D4}.Release|Any CPU.Build.0 = Release|Any CPU
		{6FE4400F-AFD0-4BA8-B2CF-7A99787F1464}.Debug|Any CPU.ActiveCfg = Debug|Any CPU
		{6FE4400F-AFD0-4BA8-B2CF-7A99787F1464}.Debug|Any CPU.Build.0 = Debug|Any CPU
		{6FE4400F-AFD0-4BA8-B2CF-7A99787F1464}.Publish|Any CPU.ActiveCfg = Release|Any CPU
		{6FE4400F-AFD0-4BA8-B2CF-7A99787F1464}.Publish|Any CPU.Build.0 = Release|Any CPU
		{6FE4400F-AFD0-4BA8-B2CF-7A99787F1464}.Release|Any CPU.ActiveCfg = Release|Any CPU
		{6FE4400F-AFD0-4BA8-B2CF-7A99787F1464}.Release|Any CPU.Build.0 = Release|Any CPU
		{81B2B028-5891-4F44-B30B-82429987EF87}.Debug|Any CPU.ActiveCfg = Debug|Any CPU
		{81B2B028-5891-4F44-B30B-82429987EF87}.Debug|Any CPU.Build.0 = Debug|Any CPU
		{81B2B028-5891-4F44-B30B-82429987EF87}.Publish|Any CPU.ActiveCfg = Release|Any CPU
		{81B2B028-5891-4F44-B30B-82429987EF87}.Publish|Any CPU.Build.0 = Release|Any CPU
		{81B2B028-5891-4F44-B30B-82429987EF87}.Release|Any CPU.ActiveCfg = Release|Any CPU
		{81B2B028-5891-4F44-B30B-82429987EF87}.Release|Any CPU.Build.0 = Release|Any CPU
		{12C4C9AC-6003-438C-9C79-77432FCCCD62}.Debug|Any CPU.ActiveCfg = Debug|Any CPU
		{12C4C9AC-6003-438C-9C79-77432FCCCD62}.Debug|Any CPU.Build.0 = Debug|Any CPU
		{12C4C9AC-6003-438C-9C79-77432FCCCD62}.Publish|Any CPU.ActiveCfg = Release|Any CPU
		{12C4C9AC-6003-438C-9C79-77432FCCCD62}.Publish|Any CPU.Build.0 = Release|Any CPU
		{12C4C9AC-6003-438C-9C79-77432FCCCD62}.Release|Any CPU.ActiveCfg = Release|Any CPU
		{12C4C9AC-6003-438C-9C79-77432FCCCD62}.Release|Any CPU.Build.0 = Release|Any CPU
		{E761C3EB-8EDD-4F01-8EDC-03ECA1F66CBE}.Debug|Any CPU.ActiveCfg = Debug|Any CPU
		{E761C3EB-8EDD-4F01-8EDC-03ECA1F66CBE}.Debug|Any CPU.Build.0 = Debug|Any CPU
		{E761C3EB-8EDD-4F01-8EDC-03ECA1F66CBE}.Publish|Any CPU.ActiveCfg = Release|Any CPU
		{E761C3EB-8EDD-4F01-8EDC-03ECA1F66CBE}.Publish|Any CPU.Build.0 = Release|Any CPU
		{E761C3EB-8EDD-4F01-8EDC-03ECA1F66CBE}.Release|Any CPU.ActiveCfg = Release|Any CPU
		{E761C3EB-8EDD-4F01-8EDC-03ECA1F66CBE}.Release|Any CPU.Build.0 = Release|Any CPU
		{5C541B64-0ACB-417C-908C-9ACE47B803FC}.Debug|Any CPU.ActiveCfg = Debug|Any CPU
		{5C541B64-0ACB-417C-908C-9ACE47B803FC}.Debug|Any CPU.Build.0 = Debug|Any CPU
		{5C541B64-0ACB-417C-908C-9ACE47B803FC}.Publish|Any CPU.ActiveCfg = Release|Any CPU
		{5C541B64-0ACB-417C-908C-9ACE47B803FC}.Publish|Any CPU.Build.0 = Release|Any CPU
		{5C541B64-0ACB-417C-908C-9ACE47B803FC}.Release|Any CPU.ActiveCfg = Release|Any CPU
		{5C541B64-0ACB-417C-908C-9ACE47B803FC}.Release|Any CPU.Build.0 = Release|Any CPU
		{EEE8A907-6F6D-47AE-A7B8-7DF5E01BF406}.Debug|Any CPU.ActiveCfg = Debug|Any CPU
		{EEE8A907-6F6D-47AE-A7B8-7DF5E01BF406}.Debug|Any CPU.Build.0 = Debug|Any CPU
		{EEE8A907-6F6D-47AE-A7B8-7DF5E01BF406}.Publish|Any CPU.ActiveCfg = Release|Any CPU
		{EEE8A907-6F6D-47AE-A7B8-7DF5E01BF406}.Publish|Any CPU.Build.0 = Release|Any CPU
		{EEE8A907-6F6D-47AE-A7B8-7DF5E01BF406}.Release|Any CPU.ActiveCfg = Release|Any CPU
		{EEE8A907-6F6D-47AE-A7B8-7DF5E01BF406}.Release|Any CPU.Build.0 = Release|Any CPU
		{447FD882-D13C-4DF6-A022-EC09B9CA09AB}.Debug|Any CPU.ActiveCfg = Debug|Any CPU
		{447FD882-D13C-4DF6-A022-EC09B9CA09AB}.Debug|Any CPU.Build.0 = Debug|Any CPU
		{447FD882-D13C-4DF6-A022-EC09B9CA09AB}.Publish|Any CPU.ActiveCfg = Release|Any CPU
		{447FD882-D13C-4DF6-A022-EC09B9CA09AB}.Publish|Any CPU.Build.0 = Release|Any CPU
		{447FD882-D13C-4DF6-A022-EC09B9CA09AB}.Release|Any CPU.ActiveCfg = Release|Any CPU
		{447FD882-D13C-4DF6-A022-EC09B9CA09AB}.Release|Any CPU.Build.0 = Release|Any CPU
		{32EAA6DE-DA83-4673-A928-6EFA12BDD529}.Debug|Any CPU.ActiveCfg = Debug|Any CPU
		{32EAA6DE-DA83-4673-A928-6EFA12BDD529}.Debug|Any CPU.Build.0 = Debug|Any CPU
		{32EAA6DE-DA83-4673-A928-6EFA12BDD529}.Publish|Any CPU.ActiveCfg = Release|Any CPU
		{32EAA6DE-DA83-4673-A928-6EFA12BDD529}.Publish|Any CPU.Build.0 = Release|Any CPU
		{32EAA6DE-DA83-4673-A928-6EFA12BDD529}.Release|Any CPU.ActiveCfg = Release|Any CPU
		{32EAA6DE-DA83-4673-A928-6EFA12BDD529}.Release|Any CPU.Build.0 = Release|Any CPU
		{D2A5F3A9-D89E-44A5-B474-1048AB2854A0}.Debug|Any CPU.ActiveCfg = Debug|Any CPU
		{D2A5F3A9-D89E-44A5-B474-1048AB2854A0}.Debug|Any CPU.Build.0 = Debug|Any CPU
		{D2A5F3A9-D89E-44A5-B474-1048AB2854A0}.Publish|Any CPU.ActiveCfg = Release|Any CPU
		{D2A5F3A9-D89E-44A5-B474-1048AB2854A0}.Publish|Any CPU.Build.0 = Release|Any CPU
		{D2A5F3A9-D89E-44A5-B474-1048AB2854A0}.Release|Any CPU.ActiveCfg = Release|Any CPU
		{D2A5F3A9-D89E-44A5-B474-1048AB2854A0}.Release|Any CPU.Build.0 = Release|Any CPU
		{E99D25AC-750B-4283-ABB7-D21694EAD299}.Debug|Any CPU.ActiveCfg = Debug|Any CPU
		{E99D25AC-750B-4283-ABB7-D21694EAD299}.Debug|Any CPU.Build.0 = Debug|Any CPU
		{E99D25AC-750B-4283-ABB7-D21694EAD299}.Publish|Any CPU.ActiveCfg = Release|Any CPU
		{E99D25AC-750B-4283-ABB7-D21694EAD299}.Publish|Any CPU.Build.0 = Release|Any CPU
		{E99D25AC-750B-4283-ABB7-D21694EAD299}.Release|Any CPU.ActiveCfg = Release|Any CPU
		{E99D25AC-750B-4283-ABB7-D21694EAD299}.Release|Any CPU.Build.0 = Release|Any CPU
		{FCC35238-5FB5-4525-928D-8521277C3580}.Debug|Any CPU.ActiveCfg = Debug|Any CPU
		{FCC35238-5FB5-4525-928D-8521277C3580}.Debug|Any CPU.Build.0 = Debug|Any CPU
		{FCC35238-5FB5-4525-928D-8521277C3580}.Publish|Any CPU.ActiveCfg = Release|Any CPU
		{FCC35238-5FB5-4525-928D-8521277C3580}.Publish|Any CPU.Build.0 = Release|Any CPU
		{FCC35238-5FB5-4525-928D-8521277C3580}.Release|Any CPU.ActiveCfg = Release|Any CPU
		{FCC35238-5FB5-4525-928D-8521277C3580}.Release|Any CPU.Build.0 = Release|Any CPU
		{299D5CA1-328B-4F79-975B-EF94D09652FC}.Debug|Any CPU.ActiveCfg = Debug|Any CPU
		{299D5CA1-328B-4F79-975B-EF94D09652FC}.Debug|Any CPU.Build.0 = Debug|Any CPU
		{299D5CA1-328B-4F79-975B-EF94D09652FC}.Publish|Any CPU.ActiveCfg = Release|Any CPU
		{299D5CA1-328B-4F79-975B-EF94D09652FC}.Publish|Any CPU.Build.0 = Release|Any CPU
		{299D5CA1-328B-4F79-975B-EF94D09652FC}.Release|Any CPU.ActiveCfg = Release|Any CPU
		{299D5CA1-328B-4F79-975B-EF94D09652FC}.Release|Any CPU.Build.0 = Release|Any CPU
		{0C7A2CA4-A36A-465A-A7E0-450A6B6E2343}.Debug|Any CPU.ActiveCfg = Debug|Any CPU
		{0C7A2CA4-A36A-465A-A7E0-450A6B6E2343}.Debug|Any CPU.Build.0 = Debug|Any CPU
		{0C7A2CA4-A36A-465A-A7E0-450A6B6E2343}.Publish|Any CPU.ActiveCfg = Release|Any CPU
		{0C7A2CA4-A36A-465A-A7E0-450A6B6E2343}.Publish|Any CPU.Build.0 = Release|Any CPU
		{0C7A2CA4-A36A-465A-A7E0-450A6B6E2343}.Release|Any CPU.ActiveCfg = Release|Any CPU
		{0C7A2CA4-A36A-465A-A7E0-450A6B6E2343}.Release|Any CPU.Build.0 = Release|Any CPU
		{77F3A928-2F6F-4310-9285-82DDD25A836C}.Debug|Any CPU.ActiveCfg = Debug|Any CPU
		{77F3A928-2F6F-4310-9285-82DDD25A836C}.Debug|Any CPU.Build.0 = Debug|Any CPU
		{77F3A928-2F6F-4310-9285-82DDD25A836C}.Publish|Any CPU.ActiveCfg = Release|Any CPU
		{77F3A928-2F6F-4310-9285-82DDD25A836C}.Publish|Any CPU.Build.0 = Release|Any CPU
		{77F3A928-2F6F-4310-9285-82DDD25A836C}.Release|Any CPU.ActiveCfg = Release|Any CPU
		{77F3A928-2F6F-4310-9285-82DDD25A836C}.Release|Any CPU.Build.0 = Release|Any CPU
		{3B1E5ED8-C276-4805-A523-8E75B5CA4277}.Debug|Any CPU.ActiveCfg = Debug|Any CPU
		{3B1E5ED8-C276-4805-A523-8E75B5CA4277}.Debug|Any CPU.Build.0 = Debug|Any CPU
		{3B1E5ED8-C276-4805-A523-8E75B5CA4277}.Publish|Any CPU.ActiveCfg = Debug|Any CPU
		{3B1E5ED8-C276-4805-A523-8E75B5CA4277}.Publish|Any CPU.Build.0 = Debug|Any CPU
		{3B1E5ED8-C276-4805-A523-8E75B5CA4277}.Release|Any CPU.ActiveCfg = Release|Any CPU
		{3B1E5ED8-C276-4805-A523-8E75B5CA4277}.Release|Any CPU.Build.0 = Release|Any CPU
	EndGlobalSection
	GlobalSection(SolutionProperties) = preSolution
		HideSolutionNode = FALSE
	EndGlobalSection
	GlobalSection(NestedProjects) = preSolution
		{5EA5CEE6-4BFD-4C1C-9584-6E3B956A7C80} = {99FC0813-DA2E-4454-B4A8-01E55D3A36D5}
		{3212A1CE-CD1D-46B9-9D95-08D8E775D0D4} = {99FC0813-DA2E-4454-B4A8-01E55D3A36D5}
		{6FE4400F-AFD0-4BA8-B2CF-7A99787F1464} = {99FC0813-DA2E-4454-B4A8-01E55D3A36D5}
		{81B2B028-5891-4F44-B30B-82429987EF87} = {99FC0813-DA2E-4454-B4A8-01E55D3A36D5}
		{12C4C9AC-6003-438C-9C79-77432FCCCD62} = {7891EF62-52F0-47B5-B2C8-9FA02D8D5387}
		{E761C3EB-8EDD-4F01-8EDC-03ECA1F66CBE} = {7891EF62-52F0-47B5-B2C8-9FA02D8D5387}
		{5C541B64-0ACB-417C-908C-9ACE47B803FC} = {7891EF62-52F0-47B5-B2C8-9FA02D8D5387}
		{EEE8A907-6F6D-47AE-A7B8-7DF5E01BF406} = {7891EF62-52F0-47B5-B2C8-9FA02D8D5387}
		{447FD882-D13C-4DF6-A022-EC09B9CA09AB} = {7891EF62-52F0-47B5-B2C8-9FA02D8D5387}
		{32EAA6DE-DA83-4673-A928-6EFA12BDD529} = {AB815E48-5BEA-4B68-9EAD-75143C4E64D6}
		{D2A5F3A9-D89E-44A5-B474-1048AB2854A0} = {AB815E48-5BEA-4B68-9EAD-75143C4E64D6}
		{E99D25AC-750B-4283-ABB7-D21694EAD299} = {AB815E48-5BEA-4B68-9EAD-75143C4E64D6}
		{FCC35238-5FB5-4525-928D-8521277C3580} = {AB815E48-5BEA-4B68-9EAD-75143C4E64D6}
		{299D5CA1-328B-4F79-975B-EF94D09652FC} = {8EAEF9FA-F486-4889-91CD-7AB95477C34C}
		{0C7A2CA4-A36A-465A-A7E0-450A6B6E2343} = {FAEBA3C8-C4D7-4F7F-870D-7B4508799453}
		{77F3A928-2F6F-4310-9285-82DDD25A836C} = {A494D076-2271-42D0-B5EB-6A60C19D892A}
		{3B1E5ED8-C276-4805-A523-8E75B5CA4277} = {920A2239-CD15-4BEA-8ACC-7D95B0C00BC0}
	EndGlobalSection
	GlobalSection(ExtensibilityGlobals) = postSolution
		SolutionGuid = {6D156F9B-B78C-4564-BA8E-C4F0AC22E3C3}
	EndGlobalSection
EndGlobal
